Microsoft Visual Studio Solution File, Format Version 12.00
# Visual Studio Version 17
VisualStudioVersion = 17.5.2.0
MinimumVisualStudioVersion = 10.0.40219.1
Project("{FAE04EC0-301F-11D3-BF4B-00C04F79EFBC}") = "XMLparsingWithRegex", "XMLparsingWithRegex\XMLparsingWithRegex.csproj", "{62D362A1-A2CE-29F7-4EEA-D87466AA94FC}"
EndProject
Global
	GlobalSection(SolutionConfigurationPlatforms) = preSolution
		Debug|Any CPU = Debug|Any CPU
		Release|Any CPU = Release|Any CPU
	EndGlobalSection
	GlobalSection(ProjectConfigurationPlatforms) = postSolution
		{62D362A1-A2CE-29F7-4EEA-D87466AA94FC}.Debug|Any CPU.ActiveCfg = Debug|Any CPU
		{62D362A1-A2CE-29F7-4EEA-D87466AA94FC}.Debug|Any CPU.Build.0 = Debug|Any CPU
		{62D362A1-A2CE-29F7-4EEA-D87466AA94FC}.Release|Any CPU.ActiveCfg = Release|Any CPU
		{62D362A1-A2CE-29F7-4EEA-D87466AA94FC}.Release|Any CPU.Build.0 = Release|Any CPU
	EndGlobalSection
	GlobalSection(SolutionProperties) = preSolution
		HideSolutionNode = FALSE
	EndGlobalSection
	GlobalSection(ExtensibilityGlobals) = postSolution
		SolutionGuid = {EA1AFDCA-6823-4E3A-A05F-D70C7997147C}
	EndGlobalSection
EndGlobal
