Microsoft Visual Studio Solution File, Format Version 12.00
# Visual Studio Version 17
VisualStudioVersion = 17.5.2.0
MinimumVisualStudioVersion = 10.0.40219.1
Project("{FAE04EC0-301F-11D3-BF4B-00C04F79EFBC}") = "XMLparsingWithRegex", "XMLparsingWithRegex.csproj", "{384A7F38-03AF-0DCC-5A10-318FBF0068D6}"
EndProject
Global
	GlobalSection(SolutionConfigurationPlatforms) = preSolution
		Debug|Any CPU = Debug|Any CPU
		Release|Any CPU = Release|Any CPU
	EndGlobalSection
	GlobalSection(ProjectConfigurationPlatforms) = postSolution
		{384A7F38-03AF-0DCC-5A10-318FBF0068D6}.Debug|Any CPU.ActiveCfg = Debug|Any CPU
		{384A7F38-03AF-0DCC-5A10-318FBF0068D6}.Debug|Any CPU.Build.0 = Debug|Any CPU
		{384A7F38-03AF-0DCC-5A10-318FBF0068D6}.Release|Any CPU.ActiveCfg = Release|Any CPU
		{384A7F38-03AF-0DCC-5A10-318FBF0068D6}.Release|Any CPU.Build.0 = Release|Any CPU
	EndGlobalSection
	GlobalSection(SolutionProperties) = preSolution
		HideSolutionNode = FALSE
	EndGlobalSection
	GlobalSection(ExtensibilityGlobals) = postSolution
		SolutionGuid = {CF5840B7-BF49-4135-9EA3-C0B994C4E68A}
	EndGlobalSection
EndGlobal
